// !$*UTF8*$!
{
	archiveVersion = 1;
	classes = {
	};
	objectVersion = 56;
	objects = {

/* Begin PBXBuildFile section */
		A10000000000000000000001 /* DraftNativeApp.swift in Sources */ = {isa = PBXBuildFile; fileRef = A20000000000000000000001 /* DraftNativeApp.swift */; };
		A10000000000000000000002 /* AppModel.swift in Sources */ = {isa = PBXBuildFile; fileRef = A20000000000000000000002 /* AppModel.swift */; };
		A10000000000000000000003 /* LibraryModels.swift in Sources */ = {isa = PBXBuildFile; fileRef = A20000000000000000000003 /* LibraryModels.swift */; };
		A10000000000000000000004 /* ArtifactGenerating.swift in Sources */ = {isa = PBXBuildFile; fileRef = A20000000000000000000004 /* ArtifactGenerating.swift */; };
		A10000000000000000000005 /* MockArtifactGenerator.swift in Sources */ = {isa = PBXBuildFile; fileRef = A20000000000000000000005 /* MockArtifactGenerator.swift */; };
		A10000000000000000000006 /* SpeechRecognizer.swift in Sources */ = {isa = PBXBuildFile; fileRef = A20000000000000000000006 /* SpeechRecognizer.swift */; };
		A10000000000000000000007 /* SessionStore.swift in Sources */ = {isa = PBXBuildFile; fileRef = A20000000000000000000007 /* SessionStore.swift */; };
		A10000000000000000000008 /* RootTabView.swift in Sources */ = {isa = PBXBuildFile; fileRef = A20000000000000000000008 /* RootTabView.swift */; };
		A10000000000000000000009 /* HomeView.swift in Sources */ = {isa = PBXBuildFile; fileRef = A20000000000000000000009 /* HomeView.swift */; };
		A1000000000000000000000A /* GenerationFlowView.swift in Sources */ = {isa = PBXBuildFile; fileRef = A2000000000000000000000A /* GenerationFlowView.swift */; };
		A1000000000000000000000B /* GeneratingView.swift in Sources */ = {isa = PBXBuildFile; fileRef = A2000000000000000000000B /* GeneratingView.swift */; };
		A1000000000000000000000C /* OutputView.swift in Sources */ = {isa = PBXBuildFile; fileRef = A2000000000000000000000C /* OutputView.swift */; };
		A1000000000000000000000D /* LibraryView.swift in Sources */ = {isa = PBXBuildFile; fileRef = A2000000000000000000000D /* LibraryView.swift */; };
		A1000000000000000000000E /* SettingsView.swift in Sources */ = {isa = PBXBuildFile; fileRef = A2000000000000000000000E /* SettingsView.swift */; };
		A1000000000000000000000F /* Styles.swift in Sources */ = {isa = PBXBuildFile; fileRef = A2000000000000000000000F /* Styles.swift */; };
		A10000000000000000000011 /* LibraryBoardDetailView.swift in Sources */ = {isa = PBXBuildFile; fileRef = A20000000000000000000013 /* LibraryBoardDetailView.swift */; };
		A10000000000000000000012 /* LibraryCollectionDetailView.swift in Sources */ = {isa = PBXBuildFile; fileRef = A20000000000000000000014 /* LibraryCollectionDetailView.swift */; };
		A10000000000000000000013 /* AppBottomNav.swift in Sources */ = {isa = PBXBuildFile; fileRef = A20000000000000000000015 /* AppBottomNav.swift */; };
		A10000000000000000000014 /* Assets.xcassets in Resources */ = {isa = PBXBuildFile; fileRef = A20000000000000000000016 /* Assets.xcassets */; };
		A10000000000000000000015 /* ArtifactPayload.swift in Sources */ = {isa = PBXBuildFile; fileRef = A20000000000000000000017 /* ArtifactPayload.swift */; };
		A10000000000000000000016 /* Logo.mov in Resources */ = {isa = PBXBuildFile; fileRef = A20000000000000000000018 /* Logo.mov */; };
		A1000000000000000000001F /* Final.mp4 in Resources */ = {isa = PBXBuildFile; fileRef = A2000000000000000000001E /* Final.mp4 */; };
		A10000000000000000000023 /* LogoAnimation.apng in Resources */ = {isa = PBXBuildFile; fileRef = A20000000000000000000023 /* LogoAnimation.apng */; };
		A10000000000000000000024 /* LogoFrames in Resources */ = {isa = PBXBuildFile; fileRef = A20000000000000000000024 /* LogoFrames */; };
		A10000000000000000000020 /* logo.mp4 in Resources */ = {isa = PBXBuildFile; fileRef = A20000000000000000000020 /* logo.mp4 */; };
		A10000000000000000000022 /* logo.mov in Resources */ = {isa = PBXBuildFile; fileRef = A20000000000000000000022 /* logo.mov */; };
		A10000000000000000000025 /* LogoLaunch.mp4 in Resources */ = {isa = PBXBuildFile; fileRef = A20000000000000000000025 /* LogoLaunch.mp4 */; };
		A10000000000000000000026 /* FinalLogoVideo.mp4 in Resources */ = {isa = PBXBuildFile; fileRef = A20000000000000000000026 /* FinalLogoVideo.mp4 */; };
		A10000000000000000000017 /* LaunchLoadingOverlay.swift in Sources */ = {isa = PBXBuildFile; fileRef = A20000000000000000000019 /* LaunchLoadingOverlay.swift */; };
		A10000000000000000000018 /* LocalSecrets.plist in Resources */ = {isa = PBXBuildFile; fileRef = A2000000000000000000001A /* LocalSecrets.plist */; };
		A10000000000000000000019 /* LocalGalleryImports.swift in Sources */ = {isa = PBXBuildFile; fileRef = A2000000000000000000001B /* LocalGalleryImports.swift */; };
		A1000000000000000000001D /* LibraryBundledPhotoMixer.swift in Sources */ = {isa = PBXBuildFile; fileRef = A2000000000000000000001C /* LibraryBundledPhotoMixer.swift */; };
		A1000000000000000000001E /* DraftExportSupport.swift in Sources */ = {isa = PBXBuildFile; fileRef = A2000000000000000000001D /* DraftExportSupport.swift */; };
		A10000000000000000000021 /* IdlePromptSuggestions.swift in Sources */ = {isa = PBXBuildFile; fileRef = A20000000000000000000021 /* IdlePromptSuggestions.swift */; };
/* End PBXBuildFile section */

/* Begin PBXFileReference section */
		A20000000000000000000001 /* DraftNativeApp.swift */ = {isa = PBXFileReference; lastKnownFileType = sourcecode.swift; path = DraftNativeApp.swift; sourceTree = "<group>"; };
		A20000000000000000000002 /* AppModel.swift */ = {isa = PBXFileReference; lastKnownFileType = sourcecode.swift; path = AppModel.swift; sourceTree = "<group>"; };
		A20000000000000000000003 /* LibraryModels.swift */ = {isa = PBXFileReference; lastKnownFileType = sourcecode.swift; path = LibraryModels.swift; sourceTree = "<group>"; };
		A20000000000000000000004 /* ArtifactGenerating.swift */ = {isa = PBXFileReference; lastKnownFileType = sourcecode.swift; path = ArtifactGenerating.swift; sourceTree = "<group>"; };
		A20000000000000000000005 /* MockArtifactGenerator.swift */ = {isa = PBXFileReference; lastKnownFileType = sourcecode.swift; path = MockArtifactGenerator.swift; sourceTree = "<group>"; };
		A20000000000000000000006 /* SpeechRecognizer.swift */ = {isa = PBXFileReference; lastKnownFileType = sourcecode.swift; path = SpeechRecognizer.swift; sourceTree = "<group>"; };
		A20000000000000000000007 /* SessionStore.swift */ = {isa = PBXFileReference; lastKnownFileType = sourcecode.swift; path = SessionStore.swift; sourceTree = "<group>"; };
		A20000000000000000000008 /* RootTabView.swift */ = {isa = PBXFileReference; lastKnownFileType = sourcecode.swift; path = RootTabView.swift; sourceTree = "<group>"; };
		A20000000000000000000009 /* HomeView.swift */ = {isa = PBXFileReference; lastKnownFileType = sourcecode.swift; path = HomeView.swift; sourceTree = "<group>"; };
		A2000000000000000000000A /* GenerationFlowView.swift */ = {isa = PBXFileReference; lastKnownFileType = sourcecode.swift; path = GenerationFlowView.swift; sourceTree = "<group>"; };
		A2000000000000000000000B /* GeneratingView.swift */ = {isa = PBXFileReference; lastKnownFileType = sourcecode.swift; path = GeneratingView.swift; sourceTree = "<group>"; };
		A2000000000000000000000C /* OutputView.swift */ = {isa = PBXFileReference; lastKnownFileType = sourcecode.swift; path = OutputView.swift; sourceTree = "<group>"; };
		A2000000000000000000000D /* LibraryView.swift */ = {isa = PBXFileReference; lastKnownFileType = sourcecode.swift; path = LibraryView.swift; sourceTree = "<group>"; };
		A2000000000000000000000E /* SettingsView.swift */ = {isa = PBXFileReference; lastKnownFileType = sourcecode.swift; path = SettingsView.swift; sourceTree = "<group>"; };
		A2000000000000000000000F /* Styles.swift */ = {isa = PBXFileReference; lastKnownFileType = sourcecode.swift; path = Styles.swift; sourceTree = "<group>"; };
		A20000000000000000000011 /* Info.plist */ = {isa = PBXFileReference; lastKnownFileType = text.plist.xml; path = Info.plist; sourceTree = "<group>"; };
		A20000000000000000000012 /* DraftNative.app */ = {isa = PBXFileReference; explicitFileType = wrapper.application; includeInIndex = 0; path = DraftNative.app; sourceTree = BUILT_PRODUCTS_DIR; };
		A20000000000000000000013 /* LibraryBoardDetailView.swift */ = {isa = PBXFileReference; lastKnownFileType = sourcecode.swift; path = LibraryBoardDetailView.swift; sourceTree = "<group>"; };
		A20000000000000000000014 /* LibraryCollectionDetailView.swift */ = {isa = PBXFileReference; lastKnownFileType = sourcecode.swift; path = LibraryCollectionDetailView.swift; sourceTree = "<group>"; };
		A20000000000000000000015 /* AppBottomNav.swift */ = {isa = PBXFileReference; lastKnownFileType = sourcecode.swift; path = AppBottomNav.swift; sourceTree = "<group>"; };
		A20000000000000000000016 /* Assets.xcassets */ = {isa = PBXFileReference; lastKnownFileType = folder.assetcatalog; path = Resources/Assets.xcassets; sourceTree = "<group>"; };
		A20000000000000000000017 /* ArtifactPayload.swift */ = {isa = PBXFileReference; lastKnownFileType = sourcecode.swift; path = ArtifactPayload.swift; sourceTree = "<group>"; };
		A20000000000000000000018 /* Logo.mov */ = {isa = PBXFileReference; lastKnownFileType = file; path = Resources/Logo.mov; sourceTree = "<group>"; };
		A2000000000000000000001E /* Final.mp4 */ = {isa = PBXFileReference; lastKnownFileType = file; path = Resources/Final.mp4; sourceTree = "<group>"; };
		A20000000000000000000023 /* LogoAnimation.apng */ = {isa = PBXFileReference; lastKnownFileType = image.png; path = Resources/LogoAnimation.apng; sourceTree = "<group>"; };
		A20000000000000000000024 /* LogoFrames */ = {isa = PBXFileReference; lastKnownFileType = folder; path = Resources/LogoFrames; sourceTree = "<group>"; };
		A20000000000000000000020 /* logo.mp4 */ = {isa = PBXFileReference; lastKnownFileType = file; path = Resources/logo.mp4; sourceTree = "<group>"; };
		A20000000000000000000022 /* logo.mov */ = {isa = PBXFileReference; lastKnownFileType = file; path = Resources/logo.mov; sourceTree = "<group>"; };
		A20000000000000000000025 /* LogoLaunch.mp4 */ = {isa = PBXFileReference; lastKnownFileType = file; path = Resources/LogoLaunch.mp4; sourceTree = "<group>"; };
		A20000000000000000000026 /* FinalLogoVideo.mp4 */ = {isa = PBXFileReference; lastKnownFileType = file; path = Resources/FinalLogoVideo.mp4; sourceTree = "<group>"; };
		A20000000000000000000019 /* LaunchLoadingOverlay.swift */ = {isa = PBXFileReference; lastKnownFileType = sourcecode.swift; path = LaunchLoadingOverlay.swift; sourceTree = "<group>"; };
		A2000000000000000000001A /* LocalSecrets.plist */ = {isa = PBXFileReference; lastKnownFileType = text.plist.xml; path = Resources/LocalSecrets.plist; sourceTree = "<group>"; };
		A2000000000000000000001B /* LocalGalleryImports.swift */ = {isa = PBXFileReference; lastKnownFileType = sourcecode.swift; path = LocalGalleryImports.swift; sourceTree = "<group>"; };
		A2000000000000000000001C /* LibraryBundledPhotoMixer.swift */ = {isa = PBXFileReference; lastKnownFileType = sourcecode.swift; path = LibraryBundledPhotoMixer.swift; sourceTree = "<group>"; };
		A2000000000000000000001D /* DraftExportSupport.swift */ = {isa = PBXFileReference; lastKnownFileType = sourcecode.swift; path = DraftExportSupport.swift; sourceTree = "<group>"; };
		A20000000000000000000021 /* IdlePromptSuggestions.swift */ = {isa = PBXFileReference; lastKnownFileType = sourcecode.swift; path = IdlePromptSuggestions.swift; sourceTree = "<group>"; };
/* End PBXFileReference section */

/* Begin PBXFrameworksBuildPhase section */
		A30000000000000000000001 /* Frameworks */ = {
			isa = PBXFrameworksBuildPhase;
			buildActionMask = 2147483647;
			files = (
			);
			runOnlyForDeploymentPostprocessing = 0;
		};
/* End PBXFrameworksBuildPhase section */

/* Begin PBXGroup section */
		A40000000000000000000001 = {
			isa = PBXGroup;
			children = (
				A40000000000000000000002 /* DraftNative */,
				A40000000000000000000007 /* Products */,
			);
			sourceTree = "<group>";
		};
		A40000000000000000000002 /* DraftNative */ = {
			isa = PBXGroup;
			children = (
				A40000000000000000000003 /* App */,
				A40000000000000000000004 /* Models */,
				A40000000000000000000005 /* Services */,
				A40000000000000000000006 /* Storage */,
				A40000000000000000000008 /* Views */,
				A20000000000000000000016 /* Assets.xcassets */,
				A20000000000000000000018 /* Logo.mov */,
				A2000000000000000000001E /* Final.mp4 */,
				A20000000000000000000023 /* LogoAnimation.apng */,
				A20000000000000000000024 /* LogoFrames */,
				A20000000000000000000020 /* logo.mp4 */,
				A20000000000000000000022 /* logo.mov */,
				A20000000000000000000025 /* LogoLaunch.mp4 */,
				A20000000000000000000026 /* FinalLogoVideo.mp4 */,
				A2000000000000000000001A /* LocalSecrets.plist */,
				A20000000000000000000011 /* Info.plist */,
			);
			path = DraftNative;
			sourceTree = "<group>";
		};
		A40000000000000000000003 /* App */ = {
			isa = PBXGroup;
			children = (
				A20000000000000000000001 /* DraftNativeApp.swift */,
				A20000000000000000000002 /* AppModel.swift */,
			);
			path = App;
			sourceTree = "<group>";
		};
		A40000000000000000000004 /* Models */ = {
			isa = PBXGroup;
			children = (
				A20000000000000000000017 /* ArtifactPayload.swift */,
				A20000000000000000000021 /* IdlePromptSuggestions.swift */,
				A20000000000000000000003 /* LibraryModels.swift */,
				A2000000000000000000001B /* LocalGalleryImports.swift */,
				A2000000000000000000001C /* LibraryBundledPhotoMixer.swift */,
			);
			path = Models;
			sourceTree = "<group>";
		};
		A40000000000000000000005 /* Services */ = {
			isa = PBXGroup;
			children = (
				A20000000000000000000004 /* ArtifactGenerating.swift */,
				A20000000000000000000005 /* MockArtifactGenerator.swift */,
				A20000000000000000000006 /* SpeechRecognizer.swift */,
			);
			path = Services;
			sourceTree = "<group>";
		};
		A40000000000000000000006 /* Storage */ = {
			isa = PBXGroup;
			children = (
				A20000000000000000000007 /* SessionStore.swift */,
			);
			path = Storage;
			sourceTree = "<group>";
		};
		A40000000000000000000007 /* Products */ = {
			isa = PBXGroup;
			children = (
				A20000000000000000000012 /* DraftNative.app */,
			);
			name = Products;
			sourceTree = "<group>";
		};
		A40000000000000000000008 /* Views */ = {
			isa = PBXGroup;
			children = (
				A20000000000000000000008 /* RootTabView.swift */,
				A20000000000000000000009 /* HomeView.swift */,
				A2000000000000000000000A /* GenerationFlowView.swift */,
				A2000000000000000000000B /* GeneratingView.swift */,
				A2000000000000000000000C /* OutputView.swift */,
				A2000000000000000000001D /* DraftExportSupport.swift */,
				A2000000000000000000000D /* LibraryView.swift */,
				A20000000000000000000013 /* LibraryBoardDetailView.swift */,
				A20000000000000000000014 /* LibraryCollectionDetailView.swift */,
				A20000000000000000000019 /* LaunchLoadingOverlay.swift */,
				A20000000000000000000015 /* AppBottomNav.swift */,
				A2000000000000000000000E /* SettingsView.swift */,
				A2000000000000000000000F /* Styles.swift */,
			);
			path = Views;
			sourceTree = "<group>";
		};
/* End PBXGroup section */

/* Begin PBXNativeTarget section */
		A50000000000000000000001 /* DraftNative */ = {
			isa = PBXNativeTarget;
			buildConfigurationList = A60000000000000000000002 /* Build configuration list for PBXNativeTarget "DraftNative" */;
			buildPhases = (
				A30000000000000000000002 /* Sources */,
				A30000000000000000000001 /* Frameworks */,
				A30000000000000000000003 /* Resources */,
			);
			buildRules = (
			);
			dependencies = (
			);
			name = DraftNative;
			productName = DraftNative;
			productReference = A20000000000000000000012 /* DraftNative.app */;
			productType = "com.apple.product-type.application";
		};
/* End PBXNativeTarget section */

/* Begin PBXProject section */
		A60000000000000000000001 /* Project object */ = {
			isa = PBXProject;
			attributes = {
				BuildIndependentTargetsInParallel = 1;
				LastSwiftUpdateCheck = 2600;
				LastUpgradeCheck = 2600;
				TargetAttributes = {
					A50000000000000000000001 = {
						CreatedOnToolsVersion = 26.4.1;
					};
				};
			};
			buildConfigurationList = A60000000000000000000003 /* Build configuration list for PBXProject "DraftNative" */;
			compatibilityVersion = "Xcode 14.0";
			developmentRegion = en;
			hasScannedForEncodings = 0;
			knownRegions = (
				en,
				Base,
			);
			mainGroup = A40000000000000000000001;
			productRefGroup = A40000000000000000000007 /* Products */;
			projectDirPath = "";
			projectRoot = "";
			targets = (
				A50000000000000000000001 /* DraftNative */,
			);
		};
/* End PBXProject section */

/* Begin PBXResourcesBuildPhase section */
		A30000000000000000000003 /* Resources */ = {
			isa = PBXResourcesBuildPhase;
			buildActionMask = 2147483647;
			files = (
				A10000000000000000000014 /* Assets.xcassets in Resources */,
				A10000000000000000000016 /* Logo.mov in Resources */,
				A1000000000000000000001F /* Final.mp4 in Resources */,
				A10000000000000000000023 /* LogoAnimation.apng in Resources */,
				A10000000000000000000024 /* LogoFrames in Resources */,
				A10000000000000000000020 /* logo.mp4 in Resources */,
				A10000000000000000000022 /* logo.mov in Resources */,
				A10000000000000000000025 /* LogoLaunch.mp4 in Resources */,
				A10000000000000000000026 /* FinalLogoVideo.mp4 in Resources */,
				A10000000000000000000018 /* LocalSecrets.plist in Resources */,
			);
			runOnlyForDeploymentPostprocessing = 0;
		};
/* End PBXResourcesBuildPhase section */

/* Begin PBXSourcesBuildPhase section */
		A30000000000000000000002 /* Sources */ = {
			isa = PBXSourcesBuildPhase;
			buildActionMask = 2147483647;
			files = (
				A10000000000000000000001 /* DraftNativeApp.swift in Sources */,
				A10000000000000000000002 /* AppModel.swift in Sources */,
				A10000000000000000000003 /* LibraryModels.swift in Sources */,
				A10000000000000000000004 /* ArtifactGenerating.swift in Sources */,
				A10000000000000000000005 /* MockArtifactGenerator.swift in Sources */,
				A10000000000000000000006 /* SpeechRecognizer.swift in Sources */,
				A10000000000000000000007 /* SessionStore.swift in Sources */,
				A10000000000000000000008 /* RootTabView.swift in Sources */,
				A10000000000000000000009 /* HomeView.swift in Sources */,
				A1000000000000000000000A /* GenerationFlowView.swift in Sources */,
				A1000000000000000000000B /* GeneratingView.swift in Sources */,
				A1000000000000000000000C /* OutputView.swift in Sources */,
				A1000000000000000000001E /* DraftExportSupport.swift in Sources */,
				A1000000000000000000000D /* LibraryView.swift in Sources */,
				A10000000000000000000011 /* LibraryBoardDetailView.swift in Sources */,
				A10000000000000000000012 /* LibraryCollectionDetailView.swift in Sources */,
				A10000000000000000000013 /* AppBottomNav.swift in Sources */,
				A1000000000000000000000E /* SettingsView.swift in Sources */,
				A1000000000000000000000F /* Styles.swift in Sources */,
				A10000000000000000000015 /* ArtifactPayload.swift in Sources */,
				A10000000000000000000021 /* IdlePromptSuggestions.swift in Sources */,
				A10000000000000000000017 /* LaunchLoadingOverlay.swift in Sources */,
				A10000000000000000000019 /* LocalGalleryImports.swift in Sources */,
				A1000000000000000000001D /* LibraryBundledPhotoMixer.swift in Sources */,
			);
			runOnlyForDeploymentPostprocessing = 0;
		};
/* End PBXSourcesBuildPhase section */

/* Begin XCBuildConfiguration section */
		A70000000000000000000001 /* Debug */ = {
			isa = XCBuildConfiguration;
			buildSettings = {
				ALWAYS_SEARCH_USER_PATHS = NO;
				CLANG_ENABLE_MODULES = YES;
				COPY_PHASE_STRIP = NO;
				DEBUG_INFORMATION_FORMAT = dwarf;
				ENABLE_STRICT_OBJC_MSGSEND = YES;
				ENABLE_TESTABILITY = YES;
				GCC_C_LANGUAGE_STANDARD = gnu17;
				GCC_DYNAMIC_NO_PIC = NO;
				GCC_NO_COMMON_BLOCKS = YES;
				GCC_OPTIMIZATION_LEVEL = 0;
				GCC_PREPROCESSOR_DEFINITIONS = (
					"DEBUG=1",
					"$(inherited)",
				);
				GCC_WARN_64_TO_32_BIT_CONVERSION = YES;
				GCC_WARN_ABOUT_RETURN_TYPE = YES_ERROR;
				GCC_WARN_UNDECLARED_SELECTOR = YES;
				GCC_WARN_UNINITIALIZED_AUTOS = YES_AGGRESSIVE;
				GCC_WARN_UNUSED_FUNCTION = YES;
				GCC_WARN_UNUSED_VARIABLE = YES;
				IPHONEOS_DEPLOYMENT_TARGET = 17.0;
				MTL_ENABLE_DEBUG_INFO = INCLUDE_SOURCE;
				SDKROOT = iphoneos;
				SWIFT_ACTIVE_COMPILATION_CONDITIONS = DEBUG;
			};
			name = Debug;
		};
		A70000000000000000000002 /* Release */ = {
			isa = XCBuildConfiguration;
			buildSettings = {
				ALWAYS_SEARCH_USER_PATHS = NO;
				CLANG_ENABLE_MODULES = YES;
				COPY_PHASE_STRIP = NO;
				DEBUG_INFORMATION_FORMAT = "dwarf-with-dsym";
				ENABLE_NS_ASSERTIONS = NO;
				ENABLE_STRICT_OBJC_MSGSEND = YES;
				GCC_C_LANGUAGE_STANDARD = gnu17;
				GCC_NO_COMMON_BLOCKS = YES;
				GCC_WARN_64_TO_32_BIT_CONVERSION = YES;
				GCC_WARN_ABOUT_RETURN_TYPE = YES_ERROR;
				GCC_WARN_UNDECLARED_SELECTOR = YES;
				GCC_WARN_UNINITIALIZED_AUTOS = YES_AGGRESSIVE;
				GCC_WARN_UNUSED_FUNCTION = YES;
				GCC_WARN_UNUSED_VARIABLE = YES;
				IPHONEOS_DEPLOYMENT_TARGET = 17.0;
				MTL_ENABLE_DEBUG_INFO = NO;
				SDKROOT = iphoneos;
			};
			name = Release;
		};
		A70000000000000000000003 /* Debug */ = {
			isa = XCBuildConfiguration;
			buildSettings = {
				CODE_SIGN_STYLE = Automatic;
				CURRENT_PROJECT_VERSION = 1;
				DEVELOPMENT_TEAM = P37WKQ6244;
				ASSETCATALOG_COMPILER_APPICON_NAME = AppIcon;
				ASSETCATALOG_COMPILER_GLOBAL_ACCENT_COLOR_NAME = AccentColor;
				GENERATE_INFOPLIST_FILE = NO;
				INFOPLIST_FILE = DraftNative/Info.plist;
				INFOPLIST_KEY_UIApplicationSupportsIndirectInputEvents = YES;
				LD_RUNPATH_SEARCH_PATHS = (
					"$(inherited)",
					"@executable_path/Frameworks",
				);
				MARKETING_VERSION = 1.0;
				PRODUCT_BUNDLE_IDENTIFIER = com.lucytrepanier.draftnative;
				PRODUCT_NAME = "$(TARGET_NAME)";
				SDKROOT = iphoneos;
				SUPPORTED_PLATFORMS = "iphonesimulator iphoneos";
				SWIFT_EMIT_LOC_STRINGS = YES;
				SWIFT_VERSION = 5.0;
				TARGETED_DEVICE_FAMILY = 1;
			};
			name = Debug;
		};
		A70000000000000000000004 /* Release */ = {
			isa = XCBuildConfiguration;
			buildSettings = {
				CODE_SIGN_STYLE = Automatic;
				CURRENT_PROJECT_VERSION = 1;
				DEVELOPMENT_TEAM = P37WKQ6244;
				ASSETCATALOG_COMPILER_APPICON_NAME = AppIcon;
				ASSETCATALOG_COMPILER_GLOBAL_ACCENT_COLOR_NAME = AccentColor;
				GENERATE_INFOPLIST_FILE = NO;
				INFOPLIST_FILE = DraftNative/Info.plist;
				INFOPLIST_KEY_UIApplicationSupportsIndirectInputEvents = YES;
				LD_RUNPATH_SEARCH_PATHS = (
					"$(inherited)",
					"@executable_path/Frameworks",
				);
				MARKETING_VERSION = 1.0;
				PRODUCT_BUNDLE_IDENTIFIER = com.lucytrepanier.draftnative;
				PRODUCT_NAME = "$(TARGET_NAME)";
				SDKROOT = iphoneos;
				SUPPORTED_PLATFORMS = "iphonesimulator iphoneos";
				SWIFT_EMIT_LOC_STRINGS = YES;
				SWIFT_VERSION = 5.0;
				TARGETED_DEVICE_FAMILY = 1;
			};
			name = Release;
		};
/* End XCBuildConfiguration section */

/* Begin XCConfigurationList section */
		A60000000000000000000002 /* Build configuration list for PBXNativeTarget "DraftNative" */ = {
			isa = XCConfigurationList;
			buildConfigurations = (
				A70000000000000000000003 /* Debug */,
				A70000000000000000000004 /* Release */,
			);
			defaultConfigurationIsVisible = 0;
			defaultConfigurationName = Release;
		};
		A60000000000000000000003 /* Build configuration list for PBXProject "DraftNative" */ = {
			isa = XCConfigurationList;
			buildConfigurations = (
				A70000000000000000000001 /* Debug */,
				A70000000000000000000002 /* Release */,
			);
			defaultConfigurationIsVisible = 0;
			defaultConfigurationName = Release;
		};
/* End XCConfigurationList section */
	};
	rootObject = A60000000000000000000001 /* Project object */;
}
